
Microsoft Visual Studio Solution File, Format Version 12.00
# Visual Studio Version 17
VisualStudioVersion = 17.11.35312.102
MinimumVisualStudioVersion = 10.0.40219.1
Project("{00D1A9C2-B5F0-4AF3-8072-F6C62B433612}") = "Sanitario", "Sanitario.sqlproj", "{06B4C2E3-D504-48DD-9942-223D49320BAB}"
EndProject
Global
	GlobalSection(SolutionConfigurationPlatforms) = preSolution
		Debug|Any CPU = Debug|Any CPU
		Release|Any CPU = Release|Any CPU
	EndGlobalSection
	GlobalSection(ProjectConfigurationPlatforms) = postSolution
		{06B4C2E3-D504-48DD-9942-223D49320BAB}.Debug|Any CPU.ActiveCfg = Debug|Any CPU
		{06B4C2E3-D504-48DD-9942-223D49320BAB}.Debug|Any CPU.Build.0 = Debug|Any CPU
		{06B4C2E3-D504-48DD-9942-223D49320BAB}.Debug|Any CPU.Deploy.0 = Debug|Any CPU
		{06B4C2E3-D504-48DD-9942-223D49320BAB}.Release|Any CPU.ActiveCfg = Release|Any CPU
		{06B4C2E3-D504-48DD-9942-223D49320BAB}.Release|Any CPU.Build.0 = Release|Any CPU
		{06B4C2E3-D504-48DD-9942-223D49320BAB}.Release|Any CPU.Deploy.0 = Release|Any CPU
	EndGlobalSection
	GlobalSection(SolutionProperties) = preSolution
		HideSolutionNode = FALSE
	EndGlobalSection
	GlobalSection(ExtensibilityGlobals) = postSolution
		SolutionGuid = {446B99A7-54C4-416A-893C-E3CBE6C7A5D4}
	EndGlobalSection
EndGlobal
